{
  "version": 4,
  "terraform_version": "1.0.3",
  "serial": 32,
  "lineage": "a3931b1c-7647-bedc-b362-4a23fc8c9be7",
  "outputs": {},
  "resources": [
    {
      "mode": "managed",
      "type": "aws_eip",
      "name": "eip",
      "provider": "provider[\"registry.terraform.io/hashicorp/aws\"]",
      "instances": []
    },
    {
      "mode": "managed",
      "type": "aws_instance",
      "name": "db",
      "provider": "provider[\"registry.terraform.io/hashicorp/aws\"]",
      "instances": []
    },
    {
      "mode": "managed",
      "type": "aws_instance",
      "name": "server",
      "provider": "provider[\"registry.terraform.io/hashicorp/aws\"]",
      "instances": []
    },
    {
      "mode": "managed",
      "type": "aws_internet_gateway",
      "name": "igw",
      "provider": "provider[\"registry.terraform.io/hashicorp/aws\"]",
      "instances": [
        {
          "schema_version": 0,
          "attributes": {
            "arn": "arn:aws:ec2:us-east-1:572142303619:internet-gateway/igw-0c3c6413dcf51c8a5",
            "id": "igw-0c3c6413dcf51c8a5",
            "owner_id": "572142303619",
            "tags": {
              "Name": "ficha_inernet_gateway"
            },
            "tags_all": {
              "Name": "ficha_inernet_gateway"
            },
            "vpc_id": "vpc-005597289344afdba"
          },
          "sensitive_attributes": [],
          "private": "bnVsbA==",
          "dependencies": [
            "aws_vpc.main"
          ]
        }
      ]
    },
    {
      "mode": "managed",
      "type": "aws_key_pair",
      "name": "ssh_key",
      "provider": "provider[\"registry.terraform.io/hashicorp/aws\"]",
      "instances": [
        {
          "schema_version": 1,
          "attributes": {
            "arn": "arn:aws:ec2:us-east-1:572142303619:key-pair/ficha-key",
            "fingerprint": "8b:da:44:b6:88:e2:9e:0d:8f:55:1e:73:c1:22:89:26",
            "id": "ficha-key",
            "key_name": "ficha-key",
            "key_name_prefix": null,
            "key_pair_id": "key-0a46f71bce9c884dd",
            "public_key": "ssh-rsa AAAAB3NzaC1yc2EAAAADAQABAAABgQDnzCwRO5LUMxWY4jQ6UsJpazWS783eHyhEx+cHEsXJEuzatO6qpATyccx2wuRDh3/ue6Ci2Z83kjx8avxcrX/FDlboGlMuzTCSX7yNPOkrfsFa1KdtgYFFhY7nJgX+JHa7AFFW0OC2aG124Ejb8vPlLwaEwP5nglaKqz33izGTylnqMwvusITCkr7snNc7zoL/8Y+0ohu3OQI/kF5T8u22uwXTM1FaJ9ycLABY8Ey1t3ePTaPniNBBdu3SMUHfdv8TJnb0OrS2xTp1RP09bsag5IvJMEX0FxvkhMYB20qGK39N4Fg9tE98ddzIholJsX3zV9pw2RgOhegDDyoSjYEu+WxM6MdOPrLJhA3XjBaoezi9hHr50540Heo6k+nNwOz0Y/U5wE8RdEWLhgU6+LO6yyMY/Wx49BNR5b9JF4JN8v3QirSFEshm2PbVcaxlPCqp8DDBikCaWCseY06Tte5oacH9lF3b+4lnILun7/1kOYlh1rEUjPrOPH8VTKWRecU= cloud_user@maksymchikita2c.mylabserver.com",
            "tags": null,
            "tags_all": {}
          },
          "sensitive_attributes": [],
          "private": "eyJzY2hlbWFfdmVyc2lvbiI6IjEifQ=="
        }
      ]
    },
    {
      "mode": "managed",
      "type": "aws_nat_gateway",
      "name": "nat_gateway",
      "provider": "provider[\"registry.terraform.io/hashicorp/aws\"]",
      "instances": []
    },
    {
      "mode": "managed",
      "type": "aws_network_interface",
      "name": "db",
      "provider": "provider[\"registry.terraform.io/hashicorp/aws\"]",
      "instances": []
    },
    {
      "mode": "managed",
      "type": "aws_network_interface",
      "name": "server",
      "provider": "provider[\"registry.terraform.io/hashicorp/aws\"]",
      "instances": []
    },
    {
      "mode": "managed",
      "type": "aws_route_table",
      "name": "private",
      "provider": "provider[\"registry.terraform.io/hashicorp/aws\"]",
      "instances": []
    },
    {
      "mode": "managed",
      "type": "aws_route_table",
      "name": "public",
      "provider": "provider[\"registry.terraform.io/hashicorp/aws\"]",
      "instances": []
    },
    {
      "mode": "managed",
      "type": "aws_route_table_association",
      "name": "a",
      "provider": "provider[\"registry.terraform.io/hashicorp/aws\"]",
      "instances": []
    },
    {
      "mode": "managed",
      "type": "aws_route_table_association",
      "name": "b",
      "provider": "provider[\"registry.terraform.io/hashicorp/aws\"]",
      "instances": []
    },
    {
      "mode": "managed",
      "type": "aws_subnet",
      "name": "private",
      "provider": "provider[\"registry.terraform.io/hashicorp/aws\"]",
      "instances": [
        {
          "schema_version": 1,
          "attributes": {
            "arn": "arn:aws:ec2:us-east-1:572142303619:subnet/subnet-0f2c8902af730a313",
            "assign_ipv6_address_on_creation": false,
            "availability_zone": "us-east-1e",
            "availability_zone_id": "use1-az3",
            "cidr_block": "10.0.0.0/24",
            "customer_owned_ipv4_pool": "",
            "id": "subnet-0f2c8902af730a313",
            "ipv6_cidr_block": "",
            "ipv6_cidr_block_association_id": "",
            "map_customer_owned_ip_on_launch": false,
            "map_public_ip_on_launch": false,
            "outpost_arn": "",
            "owner_id": "572142303619",
            "tags": {
              "Name": "ficha-private-subnet"
            },
            "tags_all": {
              "Name": "ficha-private-subnet"
            },
            "timeouts": null,
            "vpc_id": "vpc-005597289344afdba"
          },
          "sensitive_attributes": [],
          "private": "eyJlMmJmYjczMC1lY2FhLTExZTYtOGY4OC0zNDM2M2JjN2M0YzAiOnsiY3JlYXRlIjo2MDAwMDAwMDAwMDAsImRlbGV0ZSI6MTIwMDAwMDAwMDAwMH0sInNjaGVtYV92ZXJzaW9uIjoiMSJ9",
          "dependencies": [
            "aws_vpc.main"
          ]
        }
      ]
    },
    {
      "mode": "managed",
      "type": "aws_subnet",
      "name": "public",
      "provider": "provider[\"registry.terraform.io/hashicorp/aws\"]",
      "instances": [
        {
          "schema_version": 1,
          "attributes": {
            "arn": "arn:aws:ec2:us-east-1:572142303619:subnet/subnet-0785520976b9dec76",
            "assign_ipv6_address_on_creation": false,
            "availability_zone": "us-east-1c",
            "availability_zone_id": "use1-az6",
            "cidr_block": "10.0.1.0/24",
            "customer_owned_ipv4_pool": "",
            "id": "subnet-0785520976b9dec76",
            "ipv6_cidr_block": "",
            "ipv6_cidr_block_association_id": "",
            "map_customer_owned_ip_on_launch": false,
            "map_public_ip_on_launch": false,
            "outpost_arn": "",
            "owner_id": "572142303619",
            "tags": {
              "Name": "ficha-public-subnet"
            },
            "tags_all": {
              "Name": "ficha-public-subnet"
            },
            "timeouts": null,
            "vpc_id": "vpc-005597289344afdba"
          },
          "sensitive_attributes": [],
          "private": "eyJlMmJmYjczMC1lY2FhLTExZTYtOGY4OC0zNDM2M2JjN2M0YzAiOnsiY3JlYXRlIjo2MDAwMDAwMDAwMDAsImRlbGV0ZSI6MTIwMDAwMDAwMDAwMH0sInNjaGVtYV92ZXJzaW9uIjoiMSJ9",
          "dependencies": [
            "aws_vpc.main"
          ]
        }
      ]
    },
    {
      "mode": "managed",
      "type": "aws_vpc",
      "name": "main",
      "provider": "provider[\"registry.terraform.io/hashicorp/aws\"]",
      "instances": [
        {
          "schema_version": 1,
          "attributes": {
            "arn": "arn:aws:ec2:us-east-1:572142303619:vpc/vpc-005597289344afdba",
            "assign_generated_ipv6_cidr_block": false,
            "cidr_block": "10.0.0.0/16",
            "default_network_acl_id": "acl-06039cd50c8881113",
            "default_route_table_id": "rtb-0bc25729a3bf83b37",
            "default_security_group_id": "sg-02f740b76b41e4e9e",
            "dhcp_options_id": "dopt-0d20804d96142cf4b",
            "enable_classiclink": false,
            "enable_classiclink_dns_support": false,
            "enable_dns_hostnames": false,
            "enable_dns_support": true,
            "id": "vpc-005597289344afdba",
            "instance_tenancy": "default",
            "ipv6_association_id": "",
            "ipv6_cidr_block": "",
            "main_route_table_id": "rtb-0bc25729a3bf83b37",
            "owner_id": "572142303619",
            "tags": {
              "Name": "ficha-vpc"
            },
            "tags_all": {
              "Name": "ficha-vpc"
            }
          },
          "sensitive_attributes": [],
          "private": "eyJzY2hlbWFfdmVyc2lvbiI6IjEifQ=="
        }
      ]
    }
  ]
}
