{
  "version": 4,
  "terraform_version": "1.0.3",
  "serial": 8,
  "lineage": "a3931b1c-7647-bedc-b362-4a23fc8c9be7",
  "outputs": {},
  "resources": [
    {
      "mode": "managed",
      "type": "aws_internet_gateway",
      "name": "internet_gateway",
      "provider": "provider[\"registry.terraform.io/hashicorp/aws\"]",
      "instances": [
        {
          "schema_version": 0,
          "attributes": {
            "arn": "arn:aws:ec2:us-east-1:605060434181:internet-gateway/igw-0cc58c7ade8b0786c",
            "id": "igw-0cc58c7ade8b0786c",
            "owner_id": "605060434181",
            "tags": {
              "Name": "ficha_inernet_gateway"
            },
            "tags_all": {
              "Name": "ficha_inernet_gateway"
            },
            "vpc_id": "vpc-0c8a2297c3a46f702"
          },
          "sensitive_attributes": [],
          "private": "bnVsbA==",
          "dependencies": [
            "aws_vpc.main"
          ]
        }
      ]
    },
    {
      "mode": "managed",
      "type": "aws_nat_gateway",
      "name": "nat_gateway",
      "provider": "provider[\"registry.terraform.io/hashicorp/aws\"]",
      "instances": [
        {
          "schema_version": 0,
          "attributes": {
            "allocation_id": "",
            "connectivity_type": "private",
            "id": "nat-0f92dec8c41c52865",
            "network_interface_id": "eni-087e6139c8e96d297",
            "private_ip": "10.0.0.120",
            "public_ip": "",
            "subnet_id": "subnet-040920315ee13e5bc",
            "tags": {
              "Name": "ficha_nat_gateway"
            },
            "tags_all": {
              "Name": "ficha_nat_gateway"
            }
          },
          "sensitive_attributes": [],
          "private": "bnVsbA==",
          "dependencies": [
            "aws_subnet.private",
            "aws_vpc.main"
          ]
        }
      ]
    },
    {
      "mode": "managed",
      "type": "aws_route_table",
      "name": "private",
      "provider": "provider[\"registry.terraform.io/hashicorp/aws\"]",
      "instances": [
        {
          "schema_version": 0,
          "attributes": {
            "arn": "arn:aws:ec2:us-east-1:605060434181:route-table/rtb-051594a6bdc6e4e1d",
            "id": "rtb-051594a6bdc6e4e1d",
            "owner_id": "605060434181",
            "propagating_vgws": [],
            "route": [
              {
                "carrier_gateway_id": "",
                "cidr_block": "0.0.0.0/0",
                "destination_prefix_list_id": "",
                "egress_only_gateway_id": "",
                "gateway_id": "igw-0cc58c7ade8b0786c",
                "instance_id": "",
                "ipv6_cidr_block": "",
                "local_gateway_id": "",
                "nat_gateway_id": "",
                "network_interface_id": "",
                "transit_gateway_id": "",
                "vpc_endpoint_id": "",
                "vpc_peering_connection_id": ""
              }
            ],
            "tags": {
              "Name": "ficha_private_route_table"
            },
            "tags_all": {
              "Name": "ficha_private_route_table"
            },
            "vpc_id": "vpc-0c8a2297c3a46f702"
          },
          "sensitive_attributes": [],
          "private": "bnVsbA==",
          "dependencies": [
            "aws_internet_gateway.internet_gateway",
            "aws_vpc.main"
          ]
        }
      ]
    },
    {
      "mode": "managed",
      "type": "aws_route_table_association",
      "name": "a",
      "provider": "provider[\"registry.terraform.io/hashicorp/aws\"]",
      "instances": [
        {
          "schema_version": 0,
          "attributes": {
            "gateway_id": "",
            "id": "rtbassoc-088da8eb1d3253d25",
            "route_table_id": "rtb-051594a6bdc6e4e1d",
            "subnet_id": "subnet-040920315ee13e5bc"
          },
          "sensitive_attributes": [],
          "private": "bnVsbA==",
          "dependencies": [
            "aws_internet_gateway.internet_gateway",
            "aws_route_table.private",
            "aws_subnet.private",
            "aws_vpc.main"
          ]
        }
      ]
    },
    {
      "mode": "managed",
      "type": "aws_subnet",
      "name": "private",
      "provider": "provider[\"registry.terraform.io/hashicorp/aws\"]",
      "instances": [
        {
          "schema_version": 1,
          "attributes": {
            "arn": "arn:aws:ec2:us-east-1:605060434181:subnet/subnet-040920315ee13e5bc",
            "assign_ipv6_address_on_creation": false,
            "availability_zone": "us-east-1d",
            "availability_zone_id": "use1-az1",
            "cidr_block": "10.0.0.0/24",
            "customer_owned_ipv4_pool": "",
            "id": "subnet-040920315ee13e5bc",
            "ipv6_cidr_block": "",
            "ipv6_cidr_block_association_id": "",
            "map_customer_owned_ip_on_launch": false,
            "map_public_ip_on_launch": false,
            "outpost_arn": "",
            "owner_id": "605060434181",
            "tags": {
              "Name": "ficha-private-subnet"
            },
            "tags_all": {
              "Name": "ficha-private-subnet"
            },
            "timeouts": null,
            "vpc_id": "vpc-0c8a2297c3a46f702"
          },
          "sensitive_attributes": [],
          "private": "eyJlMmJmYjczMC1lY2FhLTExZTYtOGY4OC0zNDM2M2JjN2M0YzAiOnsiY3JlYXRlIjo2MDAwMDAwMDAwMDAsImRlbGV0ZSI6MTIwMDAwMDAwMDAwMH0sInNjaGVtYV92ZXJzaW9uIjoiMSJ9",
          "dependencies": [
            "aws_vpc.main"
          ]
        }
      ]
    },
    {
      "mode": "managed",
      "type": "aws_subnet",
      "name": "public",
      "provider": "provider[\"registry.terraform.io/hashicorp/aws\"]",
      "instances": [
        {
          "schema_version": 1,
          "attributes": {
            "arn": "arn:aws:ec2:us-east-1:605060434181:subnet/subnet-09cc9d4d6e3bf55d1",
            "assign_ipv6_address_on_creation": false,
            "availability_zone": "us-east-1a",
            "availability_zone_id": "use1-az2",
            "cidr_block": "10.0.1.0/24",
            "customer_owned_ipv4_pool": "",
            "id": "subnet-09cc9d4d6e3bf55d1",
            "ipv6_cidr_block": "",
            "ipv6_cidr_block_association_id": "",
            "map_customer_owned_ip_on_launch": false,
            "map_public_ip_on_launch": false,
            "outpost_arn": "",
            "owner_id": "605060434181",
            "tags": {
              "Name": "ficha-public-subnet"
            },
            "tags_all": {
              "Name": "ficha-public-subnet"
            },
            "timeouts": null,
            "vpc_id": "vpc-0c8a2297c3a46f702"
          },
          "sensitive_attributes": [],
          "private": "eyJlMmJmYjczMC1lY2FhLTExZTYtOGY4OC0zNDM2M2JjN2M0YzAiOnsiY3JlYXRlIjo2MDAwMDAwMDAwMDAsImRlbGV0ZSI6MTIwMDAwMDAwMDAwMH0sInNjaGVtYV92ZXJzaW9uIjoiMSJ9",
          "dependencies": [
            "aws_vpc.main"
          ]
        }
      ]
    },
    {
      "mode": "managed",
      "type": "aws_vpc",
      "name": "main",
      "provider": "provider[\"registry.terraform.io/hashicorp/aws\"]",
      "instances": [
        {
          "schema_version": 1,
          "attributes": {
            "arn": "arn:aws:ec2:us-east-1:605060434181:vpc/vpc-0c8a2297c3a46f702",
            "assign_generated_ipv6_cidr_block": false,
            "cidr_block": "10.0.0.0/16",
            "default_network_acl_id": "acl-01fffa3cd86915b10",
            "default_route_table_id": "rtb-05a638510994aae92",
            "default_security_group_id": "sg-03b31019191a22ca2",
            "dhcp_options_id": "dopt-0553943813433e7a8",
            "enable_classiclink": false,
            "enable_classiclink_dns_support": false,
            "enable_dns_hostnames": false,
            "enable_dns_support": true,
            "id": "vpc-0c8a2297c3a46f702",
            "instance_tenancy": "default",
            "ipv6_association_id": "",
            "ipv6_cidr_block": "",
            "main_route_table_id": "rtb-05a638510994aae92",
            "owner_id": "605060434181",
            "tags": {
              "Name": "ficha-vpc"
            },
            "tags_all": {
              "Name": "ficha-vpc"
            }
          },
          "sensitive_attributes": [],
          "private": "eyJzY2hlbWFfdmVyc2lvbiI6IjEifQ=="
        }
      ]
    }
  ]
}
